<?xml version="1.0" encoding="UTF-8"?>
<Scheme
   LastUpgradeVersion = "0440"
   version = "1.3">
   <BuildAction
      parallelizeBuildables = "YES"
      buildImplicitDependencies = "YES">
      <BuildActionEntries>
         <BuildActionEntry
            buildForTesting = "YES"
            buildForRunning = "YES"
            buildForProfiling = "YES"
            buildForArchiving = "YES"
            buildForAnalyzing = "YES">
            <BuildableReference
               BuildableIdentifier = "primary"
               BlueprintIdentifier = "C98499A310DEED8C00411F31"
               BuildableName = "WhereIsMyPhoneTesting.app"
               BlueprintName = "WhereIsMyPhoneTesting"
               ReferencedContainer = "container:WhereIsMyPhone.xcodeproj">
            </BuildableReference>
         </BuildActionEntry>
      </BuildActionEntries>
   </BuildAction>
   <TestAction
      selectedDebuggerIdentifier = "Xcode.DebuggerFoundation.Debugger.LLDB"
      selectedLauncherIdentifier = "Xcode.DebuggerFoundation.Launcher.LLDB"
      shouldUseLaunchSchemeArgsEnv = "YES"
      buildConfiguration = "Debug">
      <Testables>
      </Testables>
      <MacroExpansion>
         <BuildableReference
            BuildableIdentifier = "primary"
            BlueprintIdentifier = "C98499A310DEED8C00411F31"
            BuildableName = "WhereIsMyPhoneTesting.app"
            BlueprintName = "WhereIsMyPhoneTesting"
            ReferencedContainer = "container:WhereIsMyPhone.xcodeproj">
         </BuildableReference>
      </MacroExpansion>
   </TestAction>
   <LaunchAction
      selectedDebuggerIdentifier = "Xcode.DebuggerFoundation.Debugger.LLDB"
      selectedLauncherIdentifier = "Xcode.DebuggerFoundation.Launcher.LLDB"
      launchStyle = "0"
      useCustomWorkingDirectory = "NO"
      buildConfiguration = "Debug"
      ignoresPersistentStateOnLaunch = "NO"
      debugDocumentVersioning = "YES"
      allowLocationSimulation = "YES">
      <BuildableProductRunnable>
         <BuildableReference
            BuildableIdentifier = "primary"
            BlueprintIdentifier = "C98499A310DEED8C00411F31"
            BuildableName = "WhereIsMyPhoneTesting.app"
            BlueprintName = "WhereIsMyPhoneTesting"
            ReferencedContainer = "container:WhereIsMyPhone.xcodeproj">
         </BuildableReference>
      </BuildableProductRunnable>
      <CommandLineArguments>
         <CommandLineArgument
            argument = "-SenTest All"
            isEnabled = "YES">
         </CommandLineArgument>
      </CommandLineArguments>
      <EnvironmentVariables>
         <EnvironmentVariable
            key = "DYLD_INSERT_LIBRARIES"
            value = "$(DEVELOPER_LIBRARY_DIR)/PrivateFrameworks/DevToolsBundleInjection.framework/DevToolsBundleInjection"
            isEnabled = "YES">
         </EnvironmentVariable>
         <EnvironmentVariable
            key = "XCInjectBundle"
            value = "$(SRCROOT)/build/Debug/UnitTests.octest"
            isEnabled = "YES">
         </EnvironmentVariable>
         <EnvironmentVariable
            key = "XCInjectBundleInto"
            value = "$(SRCROOT)/build/Debug/WhereIsMyMac.app/Contents/MacOS/WhereIsMyMac"
            isEnabled = "YES">
         </EnvironmentVariable>
         <EnvironmentVariable
            key = "DYLD_FALLBACK_FRAMEWORK_PATH"
            value = "$(DEVELOPER_LIBRARY_DIR)/Frameworks:/Users/matt/Desktop/WhereIsMyMac/"
            isEnabled = "YES">
         </EnvironmentVariable>
      </EnvironmentVariables>
      <AdditionalOptions>
      </AdditionalOptions>
   </LaunchAction>
   <ProfileAction
      shouldUseLaunchSchemeArgsEnv = "YES"
      savedToolIdentifier = ""
      useCustomWorkingDirectory = "NO"
      buildConfiguration = "Release"
      debugDocumentVersioning = "YES">
      <BuildableProductRunnable>
         <BuildableReference
            BuildableIdentifier = "primary"
            BlueprintIdentifier = "C98499A310DEED8C00411F31"
            BuildableName = "WhereIsMyPhoneTesting.app"
            BlueprintName = "WhereIsMyPhoneTesting"
            ReferencedContainer = "container:WhereIsMyPhone.xcodeproj">
         </BuildableReference>
      </BuildableProductRunnable>
   </ProfileAction>
   <AnalyzeAction
      buildConfiguration = "Debug">
   </AnalyzeAction>
   <ArchiveAction
      buildConfiguration = "Release"
      revealArchiveInOrganizer = "YES">
   </ArchiveAction>
</Scheme>
